
Microsoft Visual Studio Solution File, Format Version 12.00
# Visual Studio Version 16
VisualStudioVersion = 16.0.31129.286
MinimumVisualStudioVersion = 10.0.40219.1
Project("{FAE04EC0-301F-11D3-BF4B-00C04F79EFBC}") = "AVFM", "AVFM\AVFM.csproj", "{F4E0BE33-6AD6-4FD0-A4E4-E501902DED71}"
EndProject
Global
	GlobalSection(SolutionConfigurationPlatforms) = preSolution
		Debug|Any CPU = Debug|Any CPU
		Release|Any CPU = Release|Any CPU
	EndGlobalSection
	GlobalSection(ProjectConfigurationPlatforms) = postSolution
		{F4E0BE33-6AD6-4FD0-A4E4-E501902DED71}.Debug|Any CPU.ActiveCfg = Debug|Any CPU
		{F4E0BE33-6AD6-4FD0-A4E4-E501902DED71}.Debug|Any CPU.Build.0 = Debug|Any CPU
		{F4E0BE33-6AD6-4FD0-A4E4-E501902DED71}.Release|Any CPU.ActiveCfg = Release|Any CPU
		{F4E0BE33-6AD6-4FD0-A4E4-E501902DED71}.Release|Any CPU.Build.0 = Release|Any CPU
	EndGlobalSection
	GlobalSection(SolutionProperties) = preSolution
		HideSolutionNode = FALSE
	EndGlobalSection
	GlobalSection(ExtensibilityGlobals) = postSolution
		SolutionGuid = {1BAC5D9A-B7DA-4267-A19B-7C0A77495F86}
	EndGlobalSection
EndGlobal
